
Microsoft Visual Studio Solution File, Format Version 12.00
# Visual Studio Version 17
VisualStudioVersion = 17.4.33122.133
MinimumVisualStudioVersion = 10.0.40219.1
Project("{FAE04EC0-301F-11D3-BF4B-00C04F79EFBC}") = "task-7+8-2023-mvc", "task-7+8-2023-mvc\task-7+8-2023-mvc.csproj", "{E88D2AEF-4C22-4A13-99EB-74738E04090C}"
EndProject
Global
	GlobalSection(SolutionConfigurationPlatforms) = preSolution
		Debug|Any CPU = Debug|Any CPU
		Release|Any CPU = Release|Any CPU
	EndGlobalSection
	GlobalSection(ProjectConfigurationPlatforms) = postSolution
		{E88D2AEF-4C22-4A13-99EB-74738E04090C}.Debug|Any CPU.ActiveCfg = Debug|Any CPU
		{E88D2AEF-4C22-4A13-99EB-74738E04090C}.Debug|Any CPU.Build.0 = Debug|Any CPU
		{E88D2AEF-4C22-4A13-99EB-74738E04090C}.Release|Any CPU.ActiveCfg = Release|Any CPU
		{E88D2AEF-4C22-4A13-99EB-74738E04090C}.Release|Any CPU.Build.0 = Release|Any CPU
	EndGlobalSection
	GlobalSection(SolutionProperties) = preSolution
		HideSolutionNode = FALSE
	EndGlobalSection
	GlobalSection(ExtensibilityGlobals) = postSolution
		SolutionGuid = {EDD4C386-7961-4645-9AF8-13C08451E90C}
	EndGlobalSection
EndGlobal
