
Microsoft Visual Studio Solution File, Format Version 12.00
# Visual Studio Version 17
VisualStudioVersion = 17.4.33122.133
MinimumVisualStudioVersion = 10.0.40219.1
Project("{FAE04EC0-301F-11D3-BF4B-00C04F79EFBC}") = "task-2-2-mvc", "task-2-2-mvc\task-2-2-mvc.csproj", "{DF29CB1A-5D10-4F53-A49C-2C78D3C85F34}"
EndProject
Global
	GlobalSection(SolutionConfigurationPlatforms) = preSolution
		Debug|Any CPU = Debug|Any CPU
		Release|Any CPU = Release|Any CPU
	EndGlobalSection
	GlobalSection(ProjectConfigurationPlatforms) = postSolution
		{DF29CB1A-5D10-4F53-A49C-2C78D3C85F34}.Debug|Any CPU.ActiveCfg = Debug|Any CPU
		{DF29CB1A-5D10-4F53-A49C-2C78D3C85F34}.Debug|Any CPU.Build.0 = Debug|Any CPU
		{DF29CB1A-5D10-4F53-A49C-2C78D3C85F34}.Release|Any CPU.ActiveCfg = Release|Any CPU
		{DF29CB1A-5D10-4F53-A49C-2C78D3C85F34}.Release|Any CPU.Build.0 = Release|Any CPU
	EndGlobalSection
	GlobalSection(SolutionProperties) = preSolution
		HideSolutionNode = FALSE
	EndGlobalSection
	GlobalSection(ExtensibilityGlobals) = postSolution
		SolutionGuid = {AC0C5DE3-068A-40CF-A4D4-8BF14B2F024E}
	EndGlobalSection
EndGlobal
